
Microsoft Visual Studio Solution File, Format Version 12.00
# Visual Studio Version 16
VisualStudioVersion = 16.0.31702.278
MinimumVisualStudioVersion = 10.0.40219.1
Project("{FAE04EC0-301F-11D3-BF4B-00C04F79EFBC}") = "CSHARP-SQLTUT", "CSHARP-SQLTUT\CSHARP-SQLTUT.csproj", "{3915218D-D35D-499D-BEC2-387A8CD16A7A}"
EndProject
Global
	GlobalSection(SolutionConfigurationPlatforms) = preSolution
		Debug|Any CPU = Debug|Any CPU
		Release|Any CPU = Release|Any CPU
	EndGlobalSection
	GlobalSection(ProjectConfigurationPlatforms) = postSolution
		{3915218D-D35D-499D-BEC2-387A8CD16A7A}.Debug|Any CPU.ActiveCfg = Debug|Any CPU
		{3915218D-D35D-499D-BEC2-387A8CD16A7A}.Debug|Any CPU.Build.0 = Debug|Any CPU
		{3915218D-D35D-499D-BEC2-387A8CD16A7A}.Release|Any CPU.ActiveCfg = Release|Any CPU
		{3915218D-D35D-499D-BEC2-387A8CD16A7A}.Release|Any CPU.Build.0 = Release|Any CPU
	EndGlobalSection
	GlobalSection(SolutionProperties) = preSolution
		HideSolutionNode = FALSE
	EndGlobalSection
	GlobalSection(ExtensibilityGlobals) = postSolution
		SolutionGuid = {F02B767C-A334-45B4-BF85-6EE521CE044B}
	EndGlobalSection
EndGlobal
